
Microsoft Visual Studio Solution File, Format Version 12.00
# Visual Studio Version 16
VisualStudioVersion = 16.0.30804.86
MinimumVisualStudioVersion = 10.0.40219.1
Project("{FAE04EC0-301F-11D3-BF4B-00C04F79EFBC}") = "DbScriptGeneratorDll", "DbScriptGeneratorDll\DbScriptGeneratorDll.csproj", "{2658C154-5412-49D0-81E5-B5E14B424284}"
EndProject
Project("{FAE04EC0-301F-11D3-BF4B-00C04F79EFBC}") = "DbScriptConsole", "DbScriptConsole\DbScriptConsole.csproj", "{76EFE46C-7F33-4727-8884-7046D1414A66}"
EndProject
Global
	GlobalSection(SolutionConfigurationPlatforms) = preSolution
		Debug|Any CPU = Debug|Any CPU
		Release|Any CPU = Release|Any CPU
	EndGlobalSection
	GlobalSection(ProjectConfigurationPlatforms) = postSolution
		{2658C154-5412-49D0-81E5-B5E14B424284}.Debug|Any CPU.ActiveCfg = Debug|Any CPU
		{2658C154-5412-49D0-81E5-B5E14B424284}.Debug|Any CPU.Build.0 = Debug|Any CPU
		{2658C154-5412-49D0-81E5-B5E14B424284}.Release|Any CPU.ActiveCfg = Release|Any CPU
		{2658C154-5412-49D0-81E5-B5E14B424284}.Release|Any CPU.Build.0 = Release|Any CPU
		{76EFE46C-7F33-4727-8884-7046D1414A66}.Debug|Any CPU.ActiveCfg = Debug|Any CPU
		{76EFE46C-7F33-4727-8884-7046D1414A66}.Debug|Any CPU.Build.0 = Debug|Any CPU
		{76EFE46C-7F33-4727-8884-7046D1414A66}.Release|Any CPU.ActiveCfg = Release|Any CPU
		{76EFE46C-7F33-4727-8884-7046D1414A66}.Release|Any CPU.Build.0 = Release|Any CPU
	EndGlobalSection
	GlobalSection(SolutionProperties) = preSolution
		HideSolutionNode = FALSE
	EndGlobalSection
	GlobalSection(ExtensibilityGlobals) = postSolution
		SolutionGuid = {28BF6FED-96B6-417C-B7AA-BD59B155AA83}
	EndGlobalSection
EndGlobal
